// !$*UTF8*$!
{
	archiveVersion = 1;
	classes = {
	};
	objectVersion = 46;
	objects = {

/* Begin PBXBuildFile section */
		D3C3355C1D6A8EC7004879BA /* AppDelegate.swift in Sources */ = {isa = PBXBuildFile; fileRef = D3C3355B1D6A8EC7004879BA /* AppDelegate.swift */; };
		D3C3355E1D6A8EC7004879BA /* ViewController.swift in Sources */ = {isa = PBXBuildFile; fileRef = D3C3355D1D6A8EC7004879BA /* ViewController.swift */; };
		D3C335611D6A8EC8004879BA /* Main.storyboard in Resources */ = {isa = PBXBuildFile; fileRef = D3C3355F1D6A8EC8004879BA /* Main.storyboard */; };
		D3C335631D6A8EC8004879BA /* Assets.xcassets in Resources */ = {isa = PBXBuildFile; fileRef = D3C335621D6A8EC8004879BA /* Assets.xcassets */; };
		D3C335661D6A8EC8004879BA /* LaunchScreen.storyboard in Resources */ = {isa = PBXBuildFile; fileRef = D3C335641D6A8EC8004879BA /* LaunchScreen.storyboard */; };
/* End PBXBuildFile section */

/* Begin PBXFileReference section */
		D3C335581D6A8EC7004879BA /* PruebaXcode.app */ = {isa = PBXFileReference; explicitFileType = wrapper.application; includeInIndex = 0; path = PruebaXcode.app; sourceTree = BUILT_PRODUCTS_DIR; };
		D3C3355B1D6A8EC7004879BA /* AppDelegate.swift */ = {isa = PBXFileReference; lastKnownFileType = sourcecode.swift; path = AppDelegate.swift; sourceTree = "<group>"; };
		D3C3355D1D6A8EC7004879BA /* ViewController.swift */ = {isa = PBXFileReference; lastKnownFileType = sourcecode.swift; path = ViewController.swift; sourceTree = "<group>"; };
		D3C335601D6A8EC8004879BA /* Base */ = {isa = PBXFileReference; lastKnownFileType = file.storyboard; name = Base; path = Base.lproj/Main.storyboard; sourceTree = "<group>"; };
		D3C335621D6A8EC8004879BA /* Assets.xcassets */ = {isa = PBXFileReference; lastKnownFileType = folder.assetcatalog; path = Assets.xcassets; sourceTree = "<group>"; };
		D3C335651D6A8EC8004879BA /* Base */ = {isa = PBXFileReference; lastKnownFileType = file.storyboard; name = Base; path = Base.lproj/LaunchScreen.storyboard; sourceTree = "<group>"; };
		D3C335671D6A8EC8004879BA /* Info.plist */ = {isa = PBXFileReference; lastKnownFileType = text.plist.xml; path = Info.plist; sourceTree = "<group>"; };
/* End PBXFileReference section */

/* Begin PBXFrameworksBuildPhase section */
		D3C335551D6A8EC7004879BA /* Frameworks */ = {
			isa = PBXFrameworksBuildPhase;
			buildActionMask = 2147483647;
			files = (
			);
			runOnlyForDeploymentPostprocessing = 0;
		};
/* End PBXFrameworksBuildPhase section */

/* Begin PBXGroup section */
		D3C3354F1D6A8EC7004879BA = {
			isa = PBXGroup;
			children = (
				D3C3355A1D6A8EC7004879BA /* PruebaXcode */,
				D3C335591D6A8EC7004879BA /* Products */,
			);
			sourceTree = "<group>";
		};
		D3C335591D6A8EC7004879BA /* Products */ = {
			isa = PBXGroup;
			children = (
				D3C335581D6A8EC7004879BA /* PruebaXcode.app */,
			);
			name = Products;
			sourceTree = "<group>";
		};
		D3C3355A1D6A8EC7004879BA /* PruebaXcode */ = {
			isa = PBXGroup;
			children = (
				D3C3355B1D6A8EC7004879BA /* AppDelegate.swift */,
				D3C3355D1D6A8EC7004879BA /* ViewController.swift */,
				D3C3355F1D6A8EC8004879BA /* Main.storyboard */,
				D3C335621D6A8EC8004879BA /* Assets.xcassets */,
				D3C335641D6A8EC8004879BA /* LaunchScreen.storyboard */,
				D3C335671D6A8EC8004879BA /* Info.plist */,
			);
			path = PruebaXcode;
			sourceTree = "<group>";
		};
/* End PBXGroup section */

/* Begin PBXNativeTarget section */
		D3C335571D6A8EC7004879BA /* PruebaXcode */ = {
			isa = PBXNativeTarget;
			buildConfigurationList = D3C3356A1D6A8EC8004879BA /* Build configuration list for PBXNativeTarget "PruebaXcode" */;
			buildPhases = (
				D3C335541D6A8EC7004879BA /* Sources */,
				D3C335551D6A8EC7004879BA /* Frameworks */,
				D3C335561D6A8EC7004879BA /* Resources */,
			);
			buildRules = (
			);
			dependencies = (
			);
			name = PruebaXcode;
			productName = PruebaXcode;
			productReference = D3C335581D6A8EC7004879BA /* PruebaXcode.app */;
			productType = "com.apple.product-type.application";
		};
/* End PBXNativeTarget section */

/* Begin PBXProject section */
		D3C335501D6A8EC7004879BA /* Project object */ = {
			isa = PBXProject;
			attributes = {
				LastSwiftUpdateCheck = 0730;
				LastUpgradeCheck = 0730;
				ORGANIZATIONNAME = "Pedro Sebastián";
				TargetAttributes = {
					D3C335571D6A8EC7004879BA = {
						CreatedOnToolsVersion = 7.3;
					};
				};
			};
			buildConfigurationList = D3C335531D6A8EC7004879BA /* Build configuration list for PBXProject "PruebaXcode" */;
			compatibilityVersion = "Xcode 3.2";
			developmentRegion = English;
			hasScannedForEncodings = 0;
			knownRegions = (
				en,
				Base,
			);
			mainGroup = D3C3354F1D6A8EC7004879BA;
			productRefGroup = D3C335591D6A8EC7004879BA /* Products */;
			projectDirPath = "";
			projectRoot = "";
			targets = (
				D3C335571D6A8EC7004879BA /* PruebaXcode */,
			);
		};
/* End PBXProject section */

/* Begin PBXResourcesBuildPhase section */
		D3C335561D6A8EC7004879BA /* Resources */ = {
			isa = PBXResourcesBuildPhase;
			buildActionMask = 2147483647;
			files = (
				D3C335661D6A8EC8004879BA /* LaunchScreen.storyboard in Resources */,
				D3C335631D6A8EC8004879BA /* Assets.xcassets in Resources */,
				D3C335611D6A8EC8004879BA /* Main.storyboard in Resources */,
			);
			runOnlyForDeploymentPostprocessing = 0;
		};
/* End PBXResourcesBuildPhase section */

/* Begin PBXSourcesBuildPhase section */
		D3C335541D6A8EC7004879BA /* Sources */ = {
			isa = PBXSourcesBuildPhase;
			buildActionMask = 2147483647;
			files = (
				D3C3355E1D6A8EC7004879BA /* ViewController.swift in Sources */,
				D3C3355C1D6A8EC7004879BA /* AppDelegate.swift in Sources */,
			);
			runOnlyForDeploymentPostprocessing = 0;
		};
/* End PBXSourcesBuildPhase section */

/* Begin PBXVariantGroup section */
		D3C3355F1D6A8EC8004879BA /* Main.storyboard */ = {
			isa = PBXVariantGroup;
			children = (
				D3C335601D6A8EC8004879BA /* Base */,
			);
			name = Main.storyboard;
			sourceTree = "<group>";
		};
		D3C335641D6A8EC8004879BA /* LaunchScreen.storyboard */ = {
			isa = PBXVariantGroup;
			children = (
				D3C335651D6A8EC8004879BA /* Base */,
			);
			name = LaunchScreen.storyboard;
			sourceTree = "<group>";
		};
/* End PBXVariantGroup section */

/* Begin XCBuildConfiguration section */
		D3C335681D6A8EC8004879BA /* Debug */ = {
			isa = XCBuildConfiguration;
			buildSettings = {
				ALWAYS_SEARCH_USER_PATHS = NO;
				CLANG_ANALYZER_NONNULL = YES;
				CLANG_CXX_LANGUAGE_STANDARD = "gnu++0x";
				CLANG_CXX_LIBRARY = "libc++";
				CLANG_ENABLE_MODULES = YES;
				CLANG_ENABLE_OBJC_ARC = YES;
				CLANG_WARN_BOOL_CONVERSION = YES;
				CLANG_WARN_CONSTANT_CONVERSION = YES;
				CLANG_WARN_DIRECT_OBJC_ISA_USAGE = YES_ERROR;
				CLANG_WARN_EMPTY_BODY = YES;
				CLANG_WARN_ENUM_CONVERSION = YES;
				CLANG_WARN_INT_CONVERSION = YES;
				CLANG_WARN_OBJC_ROOT_CLASS = YES_ERROR;
				CLANG_WARN_UNREACHABLE_CODE = YES;
				CLANG_WARN__DUPLICATE_METHOD_MATCH = YES;
				"CODE_SIGN_IDENTITY[sdk=iphoneos*]" = "iPhone Developer";
				COPY_PHASE_STRIP = NO;
				DEBUG_INFORMATION_FORMAT = dwarf;
				ENABLE_STRICT_OBJC_MSGSEND = YES;
				ENABLE_TESTABILITY = YES;
				GCC_C_LANGUAGE_STANDARD = gnu99;
				GCC_DYNAMIC_NO_PIC = NO;
				GCC_NO_COMMON_BLOCKS = YES;
				GCC_OPTIMIZATION_LEVEL = 0;
				GCC_PREPROCESSOR_DEFINITIONS = (
					"DEBUG=1",
					"$(inherited)",
				);
				GCC_WARN_64_TO_32_BIT_CONVERSION = YES;
				GCC_WARN_ABOUT_RETURN_TYPE = YES_ERROR;
				GCC_WARN_UNDECLARED_SELECTOR = YES;
				GCC_WARN_UNINITIALIZED_AUTOS = YES_AGGRESSIVE;
				GCC_WARN_UNUSED_FUNCTION = YES;
				GCC_WARN_UNUSED_VARIABLE = YES;
				IPHONEOS_DEPLOYMENT_TARGET = 9.3;
				MTL_ENABLE_DEBUG_INFO = YES;
				ONLY_ACTIVE_ARCH = YES;
				SDKROOT = iphoneos;
				SWIFT_OPTIMIZATION_LEVEL = "-Onone";
			};
			name = Debug;
		};
		D3C335691D6A8EC8004879BA /* Release */ = {
			isa = XCBuildConfiguration;
			buildSettings = {
				ALWAYS_SEARCH_USER_PATHS = NO;
				CLANG_ANALYZER_NONNULL = YES;
				CLANG_CXX_LANGUAGE_STANDARD = "gnu++0x";
				CLANG_CXX_LIBRARY = "libc++";
				CLANG_ENABLE_MODULES = YES;
				CLANG_ENABLE_OBJC_ARC = YES;
				CLANG_WARN_BOOL_CONVERSION = YES;
				CLANG_WARN_CONSTANT_CONVERSION = YES;
				CLANG_WARN_DIRECT_OBJC_ISA_USAGE = YES_ERROR;
				CLANG_WARN_EMPTY_BODY = YES;
				CLANG_WARN_ENUM_CONVERSION = YES;
				CLANG_WARN_INT_CONVERSION = YES;
				CLANG_WARN_OBJC_ROOT_CLASS = YES_ERROR;
				CLANG_WARN_UNREACHABLE_CODE = YES;
				CLANG_WARN__DUPLICATE_METHOD_MATCH = YES;
				"CODE_SIGN_IDENTITY[sdk=iphoneos*]" = "iPhone Developer";
				COPY_PHASE_STRIP = NO;
				DEBUG_INFORMATION_FORMAT = "dwarf-with-dsym";
				ENABLE_NS_ASSERTIONS = NO;
				ENABLE_STRICT_OBJC_MSGSEND = YES;
				GCC_C_LANGUAGE_STANDARD = gnu99;
				GCC_NO_COMMON_BLOCKS = YES;
				GCC_WARN_64_TO_32_BIT_CONVERSION = YES;
				GCC_WARN_ABOUT_RETURN_TYPE = YES_ERROR;
				GCC_WARN_UNDECLARED_SELECTOR = YES;
				GCC_WARN_UNINITIALIZED_AUTOS = YES_AGGRESSIVE;
				GCC_WARN_UNUSED_FUNCTION = YES;
				GCC_WARN_UNUSED_VARIABLE = YES;
				IPHONEOS_DEPLOYMENT_TARGET = 9.3;
				MTL_ENABLE_DEBUG_INFO = NO;
				SDKROOT = iphoneos;
				VALIDATE_PRODUCT = YES;
			};
			name = Release;
		};
		D3C3356B1D6A8EC8004879BA /* Debug */ = {
			isa = XCBuildConfiguration;
			buildSettings = {
				ASSETCATALOG_COMPILER_APPICON_NAME = AppIcon;
				INFOPLIST_FILE = PruebaXcode/Info.plist;
				LD_RUNPATH_SEARCH_PATHS = "$(inherited) @executable_path/Frameworks";
				PRODUCT_BUNDLE_IDENTIFIER = org.deerme.ios.PruebaXcode;
				PRODUCT_NAME = "$(TARGET_NAME)";
			};
			name = Debug;
		};
		D3C3356C1D6A8EC8004879BA /* Release */ = {
			isa = XCBuildConfiguration;
			buildSettings = {
				ASSETCATALOG_COMPILER_APPICON_NAME = AppIcon;
				INFOPLIST_FILE = PruebaXcode/Info.plist;
				LD_RUNPATH_SEARCH_PATHS = "$(inherited) @executable_path/Frameworks";
				PRODUCT_BUNDLE_IDENTIFIER = org.deerme.ios.PruebaXcode;
				PRODUCT_NAME = "$(TARGET_NAME)";
			};
			name = Release;
		};
/* End XCBuildConfiguration section */

/* Begin XCConfigurationList section */
		D3C335531D6A8EC7004879BA /* Build configuration list for PBXProject "PruebaXcode" */ = {
			isa = XCConfigurationList;
			buildConfigurations = (
				D3C335681D6A8EC8004879BA /* Debug */,
				D3C335691D6A8EC8004879BA /* Release */,
			);
			defaultConfigurationIsVisible = 0;
			defaultConfigurationName = Release;
		};
		D3C3356A1D6A8EC8004879BA /* Build configuration list for PBXNativeTarget "PruebaXcode" */ = {
			isa = XCConfigurationList;
			buildConfigurations = (
				D3C3356B1D6A8EC8004879BA /* Debug */,
				D3C3356C1D6A8EC8004879BA /* Release */,
			);
			defaultConfigurationIsVisible = 0;
		};
/* End XCConfigurationList section */
	};
	rootObject = D3C335501D6A8EC7004879BA /* Project object */;
}
